
Microsoft Visual Studio Solution File, Format Version 12.00
# Visual Studio Version 16
VisualStudioVersion = 16.0.30717.126
MinimumVisualStudioVersion = 10.0.40219.1
Project("{FAE04EC0-301F-11D3-BF4B-00C04F79EFBC}") = "OtoparkOtomasyonu", "OtoparkOtomasyonu\OtoparkOtomasyonu.csproj", "{70C0C649-6784-4DFF-9150-8ECF8CF95681}"
EndProject
Global
	GlobalSection(SolutionConfigurationPlatforms) = preSolution
		Debug|Any CPU = Debug|Any CPU
		Release|Any CPU = Release|Any CPU
	EndGlobalSection
	GlobalSection(ProjectConfigurationPlatforms) = postSolution
		{70C0C649-6784-4DFF-9150-8ECF8CF95681}.Debug|Any CPU.ActiveCfg = Debug|Any CPU
		{70C0C649-6784-4DFF-9150-8ECF8CF95681}.Debug|Any CPU.Build.0 = Debug|Any CPU
		{70C0C649-6784-4DFF-9150-8ECF8CF95681}.Release|Any CPU.ActiveCfg = Release|Any CPU
		{70C0C649-6784-4DFF-9150-8ECF8CF95681}.Release|Any CPU.Build.0 = Release|Any CPU
	EndGlobalSection
	GlobalSection(SolutionProperties) = preSolution
		HideSolutionNode = FALSE
	EndGlobalSection
	GlobalSection(ExtensibilityGlobals) = postSolution
		SolutionGuid = {533C8618-C414-499D-BC07-1D2510C4B884}
	EndGlobalSection
EndGlobal
